
Microsoft Visual Studio Solution File, Format Version 12.00
# Visual Studio 15
VisualStudioVersion = 15.0.28010.2048
MinimumVisualStudioVersion = 10.0.40219.1
Project("{888888A0-9F3D-457C-B088-3A5042F75D52}") = "pyTest", "pyTest\pyTest.pyproj", "{70256CD1-32B7-446C-804F-05B3AD04626F}"
EndProject
Global
	GlobalSection(SolutionConfigurationPlatforms) = preSolution
		Debug|Any CPU = Debug|Any CPU
		Release|Any CPU = Release|Any CPU
	EndGlobalSection
	GlobalSection(ProjectConfigurationPlatforms) = postSolution
		{70256CD1-32B7-446C-804F-05B3AD04626F}.Debug|Any CPU.ActiveCfg = Debug|Any CPU
		{70256CD1-32B7-446C-804F-05B3AD04626F}.Release|Any CPU.ActiveCfg = Release|Any CPU
	EndGlobalSection
	GlobalSection(SolutionProperties) = preSolution
		HideSolutionNode = FALSE
	EndGlobalSection
	GlobalSection(ExtensibilityGlobals) = postSolution
		SolutionGuid = {135AC123-A1BC-4908-9B0B-42C33A2E3E54}
	EndGlobalSection
EndGlobal
